
Microsoft Visual Studio Solution File, Format Version 12.00
# Visual Studio Version 16
VisualStudioVersion = 16.0.808.6
MinimumVisualStudioVersion = 10.0.40219.1
Project("{FAE04EC0-301F-11D3-BF4B-00C04F79EFBC}") = "Datasets", "Datasets\Datasets.csproj", "{3DF192C6-14DF-4589-8739-F68039A8CA78}"
EndProject
Global
	GlobalSection(SolutionConfigurationPlatforms) = preSolution
		Debug|Any CPU = Debug|Any CPU
		Release|Any CPU = Release|Any CPU
	EndGlobalSection
	GlobalSection(ProjectConfigurationPlatforms) = postSolution
		{3DF192C6-14DF-4589-8739-F68039A8CA78}.Debug|Any CPU.ActiveCfg = Debug|Any CPU
		{3DF192C6-14DF-4589-8739-F68039A8CA78}.Debug|Any CPU.Build.0 = Debug|Any CPU
		{3DF192C6-14DF-4589-8739-F68039A8CA78}.Release|Any CPU.ActiveCfg = Release|Any CPU
		{3DF192C6-14DF-4589-8739-F68039A8CA78}.Release|Any CPU.Build.0 = Release|Any CPU
	EndGlobalSection
	GlobalSection(SolutionProperties) = preSolution
		HideSolutionNode = FALSE
	EndGlobalSection
	GlobalSection(ExtensibilityGlobals) = postSolution
		SolutionGuid = {7DDEC604-C76B-4457-BD8A-09574166B9C0}
	EndGlobalSection
EndGlobal
